
Microsoft Visual Studio Solution File, Format Version 12.00
# Visual Studio Version 17
VisualStudioVersion = 17.0.32112.339
MinimumVisualStudioVersion = 10.0.40219.1
Project("{FAE04EC0-301F-11D3-BF4B-00C04F79EFBC}") = "CarWebAPI", "CarWebAPI\CarWebAPI.csproj", "{32C494D9-5DBF-44DE-AB0C-3FED9E3E8809}"
EndProject
Global
	GlobalSection(SolutionConfigurationPlatforms) = preSolution
		Debug|Any CPU = Debug|Any CPU
		Release|Any CPU = Release|Any CPU
	EndGlobalSection
	GlobalSection(ProjectConfigurationPlatforms) = postSolution
		{32C494D9-5DBF-44DE-AB0C-3FED9E3E8809}.Debug|Any CPU.ActiveCfg = Debug|Any CPU
		{32C494D9-5DBF-44DE-AB0C-3FED9E3E8809}.Debug|Any CPU.Build.0 = Debug|Any CPU
		{32C494D9-5DBF-44DE-AB0C-3FED9E3E8809}.Release|Any CPU.ActiveCfg = Release|Any CPU
		{32C494D9-5DBF-44DE-AB0C-3FED9E3E8809}.Release|Any CPU.Build.0 = Release|Any CPU
	EndGlobalSection
	GlobalSection(SolutionProperties) = preSolution
		HideSolutionNode = FALSE
	EndGlobalSection
	GlobalSection(ExtensibilityGlobals) = postSolution
		SolutionGuid = {89B67E50-3125-47B5-83DD-F93406C7C3EE}
	EndGlobalSection
EndGlobal
